// !$*UTF8*$!
{
	archiveVersion = 1;
	classes = {
	};
	objectVersion = 50;
	objects = {

/* Begin PBXBuildFile section */
		C0184F89213CEEF700E79D47 /* AppDelegate.swift in Sources */ = {isa = PBXBuildFile; fileRef = C0184F88213CEEF700E79D47 /* AppDelegate.swift */; };
		C0184F8B213CEEF700E79D47 /* TodoListViewController.swift in Sources */ = {isa = PBXBuildFile; fileRef = C0184F8A213CEEF700E79D47 /* TodoListViewController.swift */; };
		C0184F8E213CEEF700E79D47 /* Main.storyboard in Resources */ = {isa = PBXBuildFile; fileRef = C0184F8C213CEEF700E79D47 /* Main.storyboard */; };
		C0184F90213CEEF800E79D47 /* Assets.xcassets in Resources */ = {isa = PBXBuildFile; fileRef = C0184F8F213CEEF800E79D47 /* Assets.xcassets */; };
		C0184F93213CEEF800E79D47 /* LaunchScreen.storyboard in Resources */ = {isa = PBXBuildFile; fileRef = C0184F91213CEEF800E79D47 /* LaunchScreen.storyboard */; };
		C01F6ED3213DB73900D3CED6 /* CoreDataModel.xcdatamodeld in Sources */ = {isa = PBXBuildFile; fileRef = C01F6ED1213DB73900D3CED6 /* CoreDataModel.xcdatamodeld */; };
		C0ECE72C213DD49A008125CD /* CategoryTableViewController.swift in Sources */ = {isa = PBXBuildFile; fileRef = C0ECE72B213DD49A008125CD /* CategoryTableViewController.swift */; };
/* End PBXBuildFile section */

/* Begin PBXFileReference section */
		C0184F85213CEEF700E79D47 /* Get-Things-Done.app */ = {isa = PBXFileReference; explicitFileType = wrapper.application; includeInIndex = 0; path = "Get-Things-Done.app"; sourceTree = BUILT_PRODUCTS_DIR; };
		C0184F88213CEEF700E79D47 /* AppDelegate.swift */ = {isa = PBXFileReference; lastKnownFileType = sourcecode.swift; path = AppDelegate.swift; sourceTree = "<group>"; };
		C0184F8A213CEEF700E79D47 /* TodoListViewController.swift */ = {isa = PBXFileReference; lastKnownFileType = sourcecode.swift; path = TodoListViewController.swift; sourceTree = "<group>"; };
		C0184F8D213CEEF700E79D47 /* Base */ = {isa = PBXFileReference; lastKnownFileType = file.storyboard; name = Base; path = Base.lproj/Main.storyboard; sourceTree = "<group>"; };
		C0184F8F213CEEF800E79D47 /* Assets.xcassets */ = {isa = PBXFileReference; lastKnownFileType = folder.assetcatalog; path = Assets.xcassets; sourceTree = "<group>"; };
		C0184F92213CEEF800E79D47 /* Base */ = {isa = PBXFileReference; lastKnownFileType = file.storyboard; name = Base; path = Base.lproj/LaunchScreen.storyboard; sourceTree = "<group>"; };
		C0184F94213CEEF800E79D47 /* Info.plist */ = {isa = PBXFileReference; lastKnownFileType = text.plist.xml; path = Info.plist; sourceTree = "<group>"; };
		C01F6ED2213DB73900D3CED6 /* CoreDataModel.xcdatamodel */ = {isa = PBXFileReference; lastKnownFileType = wrapper.xcdatamodel; path = CoreDataModel.xcdatamodel; sourceTree = "<group>"; };
		C0ECE72B213DD49A008125CD /* CategoryTableViewController.swift */ = {isa = PBXFileReference; lastKnownFileType = sourcecode.swift; path = CategoryTableViewController.swift; sourceTree = "<group>"; };
/* End PBXFileReference section */

/* Begin PBXFrameworksBuildPhase section */
		C0184F82213CEEF700E79D47 /* Frameworks */ = {
			isa = PBXFrameworksBuildPhase;
			buildActionMask = 2147483647;
			files = (
			);
			runOnlyForDeploymentPostprocessing = 0;
		};
/* End PBXFrameworksBuildPhase section */

/* Begin PBXGroup section */
		C0184F7C213CEEF700E79D47 = {
			isa = PBXGroup;
			children = (
				C0184F87213CEEF700E79D47 /* Get-Things-Done */,
				C0184F86213CEEF700E79D47 /* Products */,
			);
			sourceTree = "<group>";
		};
		C0184F86213CEEF700E79D47 /* Products */ = {
			isa = PBXGroup;
			children = (
				C0184F85213CEEF700E79D47 /* Get-Things-Done.app */,
			);
			name = Products;
			sourceTree = "<group>";
		};
		C0184F87213CEEF700E79D47 /* Get-Things-Done */ = {
			isa = PBXGroup;
			children = (
				C0184F88213CEEF700E79D47 /* AppDelegate.swift */,
				C0BAB0FD213D93840018934C /* DataModel */,
				C0BAB0FE213D93970018934C /* Controller */,
				C0BAB100213D93CD0018934C /* View */,
				C0BAB0FF213D93B90018934C /* Support */,
				C0184F94213CEEF800E79D47 /* Info.plist */,
			);
			path = "Get-Things-Done";
			sourceTree = "<group>";
		};
		C0BAB0FD213D93840018934C /* DataModel */ = {
			isa = PBXGroup;
			children = (
				C01F6ED1213DB73900D3CED6 /* CoreDataModel.xcdatamodeld */,
			);
			path = DataModel;
			sourceTree = "<group>";
		};
		C0BAB0FE213D93970018934C /* Controller */ = {
			isa = PBXGroup;
			children = (
				C0ECE72B213DD49A008125CD /* CategoryTableViewController.swift */,
				C0184F8A213CEEF700E79D47 /* TodoListViewController.swift */,
			);
			path = Controller;
			sourceTree = "<group>";
		};
		C0BAB0FF213D93B90018934C /* Support */ = {
			isa = PBXGroup;
			children = (
				C0184F8F213CEEF800E79D47 /* Assets.xcassets */,
				C0184F91213CEEF800E79D47 /* LaunchScreen.storyboard */,
			);
			path = Support;
			sourceTree = "<group>";
		};
		C0BAB100213D93CD0018934C /* View */ = {
			isa = PBXGroup;
			children = (
				C0184F8C213CEEF700E79D47 /* Main.storyboard */,
			);
			path = View;
			sourceTree = "<group>";
		};
/* End PBXGroup section */

/* Begin PBXNativeTarget section */
		C0184F84213CEEF700E79D47 /* Get-Things-Done */ = {
			isa = PBXNativeTarget;
			buildConfigurationList = C0184F97213CEEF800E79D47 /* Build configuration list for PBXNativeTarget "Get-Things-Done" */;
			buildPhases = (
				C0184F81213CEEF700E79D47 /* Sources */,
				C0184F82213CEEF700E79D47 /* Frameworks */,
				C0184F83213CEEF700E79D47 /* Resources */,
			);
			buildRules = (
			);
			dependencies = (
			);
			name = "Get-Things-Done";
			productName = "Get-Things-Done";
			productReference = C0184F85213CEEF700E79D47 /* Get-Things-Done.app */;
			productType = "com.apple.product-type.application";
		};
/* End PBXNativeTarget section */

/* Begin PBXProject section */
		C0184F7D213CEEF700E79D47 /* Project object */ = {
			isa = PBXProject;
			attributes = {
				LastSwiftUpdateCheck = 0940;
				LastUpgradeCheck = 0940;
				ORGANIZATIONNAME = AG;
				TargetAttributes = {
					C0184F84213CEEF700E79D47 = {
						CreatedOnToolsVersion = 9.4.1;
					};
				};
			};
			buildConfigurationList = C0184F80213CEEF700E79D47 /* Build configuration list for PBXProject "Get-Things-Done" */;
			compatibilityVersion = "Xcode 9.3";
			developmentRegion = en;
			hasScannedForEncodings = 0;
			knownRegions = (
				en,
				Base,
			);
			mainGroup = C0184F7C213CEEF700E79D47;
			productRefGroup = C0184F86213CEEF700E79D47 /* Products */;
			projectDirPath = "";
			projectRoot = "";
			targets = (
				C0184F84213CEEF700E79D47 /* Get-Things-Done */,
			);
		};
/* End PBXProject section */

/* Begin PBXResourcesBuildPhase section */
		C0184F83213CEEF700E79D47 /* Resources */ = {
			isa = PBXResourcesBuildPhase;
			buildActionMask = 2147483647;
			files = (
				C0184F93213CEEF800E79D47 /* LaunchScreen.storyboard in Resources */,
				C0184F90213CEEF800E79D47 /* Assets.xcassets in Resources */,
				C0184F8E213CEEF700E79D47 /* Main.storyboard in Resources */,
			);
			runOnlyForDeploymentPostprocessing = 0;
		};
/* End PBXResourcesBuildPhase section */

/* Begin PBXSourcesBuildPhase section */
		C0184F81213CEEF700E79D47 /* Sources */ = {
			isa = PBXSourcesBuildPhase;
			buildActionMask = 2147483647;
			files = (
				C0184F8B213CEEF700E79D47 /* TodoListViewController.swift in Sources */,
				C01F6ED3213DB73900D3CED6 /* CoreDataModel.xcdatamodeld in Sources */,
				C0184F89213CEEF700E79D47 /* AppDelegate.swift in Sources */,
				C0ECE72C213DD49A008125CD /* CategoryTableViewController.swift in Sources */,
			);
			runOnlyForDeploymentPostprocessing = 0;
		};
/* End PBXSourcesBuildPhase section */

/* Begin PBXVariantGroup section */
		C0184F8C213CEEF700E79D47 /* Main.storyboard */ = {
			isa = PBXVariantGroup;
			children = (
				C0184F8D213CEEF700E79D47 /* Base */,
			);
			name = Main.storyboard;
			sourceTree = "<group>";
		};
		C0184F91213CEEF800E79D47 /* LaunchScreen.storyboard */ = {
			isa = PBXVariantGroup;
			children = (
				C0184F92213CEEF800E79D47 /* Base */,
			);
			name = LaunchScreen.storyboard;
			sourceTree = "<group>";
		};
/* End PBXVariantGroup section */

/* Begin XCBuildConfiguration section */
		C0184F95213CEEF800E79D47 /* Debug */ = {
			isa = XCBuildConfiguration;
			buildSettings = {
				ALWAYS_SEARCH_USER_PATHS = NO;
				CLANG_ANALYZER_NONNULL = YES;
				CLANG_ANALYZER_NUMBER_OBJECT_CONVERSION = YES_AGGRESSIVE;
				CLANG_CXX_LANGUAGE_STANDARD = "gnu++14";
				CLANG_CXX_LIBRARY = "libc++";
				CLANG_ENABLE_MODULES = YES;
				CLANG_ENABLE_OBJC_ARC = YES;
				CLANG_ENABLE_OBJC_WEAK = YES;
				CLANG_WARN_BLOCK_CAPTURE_AUTORELEASING = YES;
				CLANG_WARN_BOOL_CONVERSION = YES;
				CLANG_WARN_COMMA = YES;
				CLANG_WARN_CONSTANT_CONVERSION = YES;
				CLANG_WARN_DEPRECATED_OBJC_IMPLEMENTATIONS = YES;
				CLANG_WARN_DIRECT_OBJC_ISA_USAGE = YES_ERROR;
				CLANG_WARN_DOCUMENTATION_COMMENTS = YES;
				CLANG_WARN_EMPTY_BODY = YES;
				CLANG_WARN_ENUM_CONVERSION = YES;
				CLANG_WARN_INFINITE_RECURSION = YES;
				CLANG_WARN_INT_CONVERSION = YES;
				CLANG_WARN_NON_LITERAL_NULL_CONVERSION = YES;
				CLANG_WARN_OBJC_IMPLICIT_RETAIN_SELF = YES;
				CLANG_WARN_OBJC_LITERAL_CONVERSION = YES;
				CLANG_WARN_OBJC_ROOT_CLASS = YES_ERROR;
				CLANG_WARN_RANGE_LOOP_ANALYSIS = YES;
				CLANG_WARN_STRICT_PROTOTYPES = YES;
				CLANG_WARN_SUSPICIOUS_MOVE = YES;
				CLANG_WARN_UNGUARDED_AVAILABILITY = YES_AGGRESSIVE;
				CLANG_WARN_UNREACHABLE_CODE = YES;
				CLANG_WARN__DUPLICATE_METHOD_MATCH = YES;
				CODE_SIGN_IDENTITY = "iPhone Developer";
				COPY_PHASE_STRIP = NO;
				DEBUG_INFORMATION_FORMAT = dwarf;
				ENABLE_STRICT_OBJC_MSGSEND = YES;
				ENABLE_TESTABILITY = YES;
				GCC_C_LANGUAGE_STANDARD = gnu11;
				GCC_DYNAMIC_NO_PIC = NO;
				GCC_NO_COMMON_BLOCKS = YES;
				GCC_OPTIMIZATION_LEVEL = 0;
				GCC_PREPROCESSOR_DEFINITIONS = (
					"DEBUG=1",
					"$(inherited)",
				);
				GCC_WARN_64_TO_32_BIT_CONVERSION = YES;
				GCC_WARN_ABOUT_RETURN_TYPE = YES_ERROR;
				GCC_WARN_UNDECLARED_SELECTOR = YES;
				GCC_WARN_UNINITIALIZED_AUTOS = YES_AGGRESSIVE;
				GCC_WARN_UNUSED_FUNCTION = YES;
				GCC_WARN_UNUSED_VARIABLE = YES;
				IPHONEOS_DEPLOYMENT_TARGET = 11.4;
				MTL_ENABLE_DEBUG_INFO = YES;
				ONLY_ACTIVE_ARCH = YES;
				SDKROOT = iphoneos;
				SWIFT_ACTIVE_COMPILATION_CONDITIONS = DEBUG;
				SWIFT_OPTIMIZATION_LEVEL = "-Onone";
			};
			name = Debug;
		};
		C0184F96213CEEF800E79D47 /* Release */ = {
			isa = XCBuildConfiguration;
			buildSettings = {
				ALWAYS_SEARCH_USER_PATHS = NO;
				CLANG_ANALYZER_NONNULL = YES;
				CLANG_ANALYZER_NUMBER_OBJECT_CONVERSION = YES_AGGRESSIVE;
				CLANG_CXX_LANGUAGE_STANDARD = "gnu++14";
				CLANG_CXX_LIBRARY = "libc++";
				CLANG_ENABLE_MODULES = YES;
				CLANG_ENABLE_OBJC_ARC = YES;
				CLANG_ENABLE_OBJC_WEAK = YES;
				CLANG_WARN_BLOCK_CAPTURE_AUTORELEASING = YES;
				CLANG_WARN_BOOL_CONVERSION = YES;
				CLANG_WARN_COMMA = YES;
				CLANG_WARN_CONSTANT_CONVERSION = YES;
				CLANG_WARN_DEPRECATED_OBJC_IMPLEMENTATIONS = YES;
				CLANG_WARN_DIRECT_OBJC_ISA_USAGE = YES_ERROR;
				CLANG_WARN_DOCUMENTATION_COMMENTS = YES;
				CLANG_WARN_EMPTY_BODY = YES;
				CLANG_WARN_ENUM_CONVERSION = YES;
				CLANG_WARN_INFINITE_RECURSION = YES;
				CLANG_WARN_INT_CONVERSION = YES;
				CLANG_WARN_NON_LITERAL_NULL_CONVERSION = YES;
				CLANG_WARN_OBJC_IMPLICIT_RETAIN_SELF = YES;
				CLANG_WARN_OBJC_LITERAL_CONVERSION = YES;
				CLANG_WARN_OBJC_ROOT_CLASS = YES_ERROR;
				CLANG_WARN_RANGE_LOOP_ANALYSIS = YES;
				CLANG_WARN_STRICT_PROTOTYPES = YES;
				CLANG_WARN_SUSPICIOUS_MOVE = YES;
				CLANG_WARN_UNGUARDED_AVAILABILITY = YES_AGGRESSIVE;
				CLANG_WARN_UNREACHABLE_CODE = YES;
				CLANG_WARN__DUPLICATE_METHOD_MATCH = YES;
				CODE_SIGN_IDENTITY = "iPhone Developer";
				COPY_PHASE_STRIP = NO;
				DEBUG_INFORMATION_FORMAT = "dwarf-with-dsym";
				ENABLE_NS_ASSERTIONS = NO;
				ENABLE_STRICT_OBJC_MSGSEND = YES;
				GCC_C_LANGUAGE_STANDARD = gnu11;
				GCC_NO_COMMON_BLOCKS = YES;
				GCC_WARN_64_TO_32_BIT_CONVERSION = YES;
				GCC_WARN_ABOUT_RETURN_TYPE = YES_ERROR;
				GCC_WARN_UNDECLARED_SELECTOR = YES;
				GCC_WARN_UNINITIALIZED_AUTOS = YES_AGGRESSIVE;
				GCC_WARN_UNUSED_FUNCTION = YES;
				GCC_WARN_UNUSED_VARIABLE = YES;
				IPHONEOS_DEPLOYMENT_TARGET = 11.4;
				MTL_ENABLE_DEBUG_INFO = NO;
				SDKROOT = iphoneos;
				SWIFT_COMPILATION_MODE = wholemodule;
				SWIFT_OPTIMIZATION_LEVEL = "-O";
				VALIDATE_PRODUCT = YES;
			};
			name = Release;
		};
		C0184F98213CEEF800E79D47 /* Debug */ = {
			isa = XCBuildConfiguration;
			buildSettings = {
				ASSETCATALOG_COMPILER_APPICON_NAME = AppIcon;
				CODE_SIGN_STYLE = Automatic;
				DEVELOPMENT_TEAM = 97U9E6Z7J3;
				INFOPLIST_FILE = "Get-Things-Done/Info.plist";
				LD_RUNPATH_SEARCH_PATHS = (
					"$(inherited)",
					"@executable_path/Frameworks",
				);
				PRODUCT_BUNDLE_IDENTIFIER = "com.alaingreen.Get-Things-Done";
				PRODUCT_NAME = "$(TARGET_NAME)";
				SWIFT_VERSION = 4.0;
				TARGETED_DEVICE_FAMILY = "1,2";
			};
			name = Debug;
		};
		C0184F99213CEEF800E79D47 /* Release */ = {
			isa = XCBuildConfiguration;
			buildSettings = {
				ASSETCATALOG_COMPILER_APPICON_NAME = AppIcon;
				CODE_SIGN_STYLE = Automatic;
				DEVELOPMENT_TEAM = 97U9E6Z7J3;
				INFOPLIST_FILE = "Get-Things-Done/Info.plist";
				LD_RUNPATH_SEARCH_PATHS = (
					"$(inherited)",
					"@executable_path/Frameworks",
				);
				PRODUCT_BUNDLE_IDENTIFIER = "com.alaingreen.Get-Things-Done";
				PRODUCT_NAME = "$(TARGET_NAME)";
				SWIFT_VERSION = 4.0;
				TARGETED_DEVICE_FAMILY = "1,2";
			};
			name = Release;
		};
/* End XCBuildConfiguration section */

/* Begin XCConfigurationList section */
		C0184F80213CEEF700E79D47 /* Build configuration list for PBXProject "Get-Things-Done" */ = {
			isa = XCConfigurationList;
			buildConfigurations = (
				C0184F95213CEEF800E79D47 /* Debug */,
				C0184F96213CEEF800E79D47 /* Release */,
			);
			defaultConfigurationIsVisible = 0;
			defaultConfigurationName = Release;
		};
		C0184F97213CEEF800E79D47 /* Build configuration list for PBXNativeTarget "Get-Things-Done" */ = {
			isa = XCConfigurationList;
			buildConfigurations = (
				C0184F98213CEEF800E79D47 /* Debug */,
				C0184F99213CEEF800E79D47 /* Release */,
			);
			defaultConfigurationIsVisible = 0;
			defaultConfigurationName = Release;
		};
/* End XCConfigurationList section */

/* Begin XCVersionGroup section */
		C01F6ED1213DB73900D3CED6 /* CoreDataModel.xcdatamodeld */ = {
			isa = XCVersionGroup;
			children = (
				C01F6ED2213DB73900D3CED6 /* CoreDataModel.xcdatamodel */,
			);
			currentVersion = C01F6ED2213DB73900D3CED6 /* CoreDataModel.xcdatamodel */;
			path = CoreDataModel.xcdatamodeld;
			sourceTree = "<group>";
			versionGroupType = wrapper.xcdatamodel;
		};
/* End XCVersionGroup section */
	};
	rootObject = C0184F7D213CEEF700E79D47 /* Project object */;
}
